
Microsoft Visual Studio Solution File, Format Version 12.00
# Visual Studio Version 17
VisualStudioVersion = 17.1.32421.90
MinimumVisualStudioVersion = 10.0.40219.1
Project("{FAE04EC0-301F-11D3-BF4B-00C04F79EFBC}") = "CodingExercise", "CodingExercise.csproj", "{F043B612-C6DE-4E75-9BE9-54D87E72648B}"
EndProject
Global
	GlobalSection(SolutionConfigurationPlatforms) = preSolution
		Debug|Any CPU = Debug|Any CPU
		Release|Any CPU = Release|Any CPU
	EndGlobalSection
	GlobalSection(ProjectConfigurationPlatforms) = postSolution
		{F043B612-C6DE-4E75-9BE9-54D87E72648B}.Debug|Any CPU.ActiveCfg = Debug|Any CPU
		{F043B612-C6DE-4E75-9BE9-54D87E72648B}.Debug|Any CPU.Build.0 = Debug|Any CPU
		{F043B612-C6DE-4E75-9BE9-54D87E72648B}.Release|Any CPU.ActiveCfg = Release|Any CPU
		{F043B612-C6DE-4E75-9BE9-54D87E72648B}.Release|Any CPU.Build.0 = Release|Any CPU
	EndGlobalSection
	GlobalSection(SolutionProperties) = preSolution
		HideSolutionNode = FALSE
	EndGlobalSection
	GlobalSection(ExtensibilityGlobals) = postSolution
		SolutionGuid = {622FD2E1-9113-49C4-B081-57963E77B1DF}
	EndGlobalSection
EndGlobal
